
Microsoft Visual Studio Solution File, Format Version 12.00
# Visual Studio Version 17
VisualStudioVersion = 17.0.32126.317
MinimumVisualStudioVersion = 10.0.40219.1
Project("{9A19103F-16F7-4668-BE54-9A1E7A4F7556}") = "ContactApi", "TesteAPI\ContactApi.csproj", "{09882A37-1ACC-447C-A3D4-62DF2424CC39}"
EndProject
Global
	GlobalSection(SolutionConfigurationPlatforms) = preSolution
		Debug|Any CPU = Debug|Any CPU
		Release|Any CPU = Release|Any CPU
	EndGlobalSection
	GlobalSection(ProjectConfigurationPlatforms) = postSolution
		{09882A37-1ACC-447C-A3D4-62DF2424CC39}.Debug|Any CPU.ActiveCfg = Debug|Any CPU
		{09882A37-1ACC-447C-A3D4-62DF2424CC39}.Debug|Any CPU.Build.0 = Debug|Any CPU
		{09882A37-1ACC-447C-A3D4-62DF2424CC39}.Release|Any CPU.ActiveCfg = Release|Any CPU
		{09882A37-1ACC-447C-A3D4-62DF2424CC39}.Release|Any CPU.Build.0 = Release|Any CPU
	EndGlobalSection
	GlobalSection(SolutionProperties) = preSolution
		HideSolutionNode = FALSE
	EndGlobalSection
	GlobalSection(ExtensibilityGlobals) = postSolution
		SolutionGuid = {D2ABDCB2-34C5-4FC1-9499-5F804F7A50B7}
	EndGlobalSection
EndGlobal
